// !$*UTF8*$!
{
	archiveVersion = 1;
	classes = {
	};
	objectVersion = 50;
	objects = {

/* Begin PBXBuildFile section */
		6E9F58462374E2C700F1D21B /* AppDelegate.m in Sources */ = {isa = PBXBuildFile; fileRef = 6E9F58452374E2C700F1D21B /* AppDelegate.m */; };
		6E9F58492374E2C700F1D21B /* SceneDelegate.m in Sources */ = {isa = PBXBuildFile; fileRef = 6E9F58482374E2C700F1D21B /* SceneDelegate.m */; };
		6E9F584F2374E2C700F1D21B /* Main.storyboard in Resources */ = {isa = PBXBuildFile; fileRef = 6E9F584D2374E2C700F1D21B /* Main.storyboard */; };
		6E9F58512374E2C900F1D21B /* Assets.xcassets in Resources */ = {isa = PBXBuildFile; fileRef = 6E9F58502374E2C900F1D21B /* Assets.xcassets */; };
		6E9F58542374E2C900F1D21B /* LaunchScreen.storyboard in Resources */ = {isa = PBXBuildFile; fileRef = 6E9F58522374E2C900F1D21B /* LaunchScreen.storyboard */; };
		6E9F58572374E2C900F1D21B /* main.m in Sources */ = {isa = PBXBuildFile; fileRef = 6E9F58562374E2C900F1D21B /* main.m */; };
		6E9F58642374F8FA00F1D21B /* MBPeopleTableViewController.m in Sources */ = {isa = PBXBuildFile; fileRef = 6E9F58632374F8FA00F1D21B /* MBPeopleTableViewController.m */; };
		6E9F58672374F91100F1D21B /* MBPersonDetailViewController.m in Sources */ = {isa = PBXBuildFile; fileRef = 6E9F58662374F91100F1D21B /* MBPersonDetailViewController.m */; };
		6E9F586A2374FADD00F1D21B /* MBPerson.m in Sources */ = {isa = PBXBuildFile; fileRef = 6E9F58692374FADD00F1D21B /* MBPerson.m */; };
/* End PBXBuildFile section */

/* Begin PBXFileReference section */
		6E9F58412374E2C700F1D21B /* RandomUsers-Objective-C.app */ = {isa = PBXFileReference; explicitFileType = wrapper.application; includeInIndex = 0; path = "RandomUsers-Objective-C.app"; sourceTree = BUILT_PRODUCTS_DIR; };
		6E9F58442374E2C700F1D21B /* AppDelegate.h */ = {isa = PBXFileReference; lastKnownFileType = sourcecode.c.h; path = AppDelegate.h; sourceTree = "<group>"; };
		6E9F58452374E2C700F1D21B /* AppDelegate.m */ = {isa = PBXFileReference; lastKnownFileType = sourcecode.c.objc; path = AppDelegate.m; sourceTree = "<group>"; };
		6E9F58472374E2C700F1D21B /* SceneDelegate.h */ = {isa = PBXFileReference; lastKnownFileType = sourcecode.c.h; path = SceneDelegate.h; sourceTree = "<group>"; };
		6E9F58482374E2C700F1D21B /* SceneDelegate.m */ = {isa = PBXFileReference; lastKnownFileType = sourcecode.c.objc; path = SceneDelegate.m; sourceTree = "<group>"; };
		6E9F584E2374E2C700F1D21B /* Base */ = {isa = PBXFileReference; lastKnownFileType = file.storyboard; name = Base; path = Base.lproj/Main.storyboard; sourceTree = "<group>"; };
		6E9F58502374E2C900F1D21B /* Assets.xcassets */ = {isa = PBXFileReference; lastKnownFileType = folder.assetcatalog; path = Assets.xcassets; sourceTree = "<group>"; };
		6E9F58532374E2C900F1D21B /* Base */ = {isa = PBXFileReference; lastKnownFileType = file.storyboard; name = Base; path = Base.lproj/LaunchScreen.storyboard; sourceTree = "<group>"; };
		6E9F58552374E2C900F1D21B /* Info.plist */ = {isa = PBXFileReference; lastKnownFileType = text.plist.xml; path = Info.plist; sourceTree = "<group>"; };
		6E9F58562374E2C900F1D21B /* main.m */ = {isa = PBXFileReference; lastKnownFileType = sourcecode.c.objc; path = main.m; sourceTree = "<group>"; };
		6E9F58622374F8FA00F1D21B /* MBPeopleTableViewController.h */ = {isa = PBXFileReference; lastKnownFileType = sourcecode.c.h; path = MBPeopleTableViewController.h; sourceTree = "<group>"; };
		6E9F58632374F8FA00F1D21B /* MBPeopleTableViewController.m */ = {isa = PBXFileReference; lastKnownFileType = sourcecode.c.objc; path = MBPeopleTableViewController.m; sourceTree = "<group>"; };
		6E9F58652374F91000F1D21B /* MBPersonDetailViewController.h */ = {isa = PBXFileReference; lastKnownFileType = sourcecode.c.h; path = MBPersonDetailViewController.h; sourceTree = "<group>"; };
		6E9F58662374F91100F1D21B /* MBPersonDetailViewController.m */ = {isa = PBXFileReference; lastKnownFileType = sourcecode.c.objc; path = MBPersonDetailViewController.m; sourceTree = "<group>"; };
		6E9F58682374FADD00F1D21B /* MBPerson.h */ = {isa = PBXFileReference; lastKnownFileType = sourcecode.c.h; path = MBPerson.h; sourceTree = "<group>"; };
		6E9F58692374FADD00F1D21B /* MBPerson.m */ = {isa = PBXFileReference; lastKnownFileType = sourcecode.c.objc; path = MBPerson.m; sourceTree = "<group>"; };
/* End PBXFileReference section */

/* Begin PBXFrameworksBuildPhase section */
		6E9F583E2374E2C700F1D21B /* Frameworks */ = {
			isa = PBXFrameworksBuildPhase;
			buildActionMask = 2147483647;
			files = (
			);
			runOnlyForDeploymentPostprocessing = 0;
		};
/* End PBXFrameworksBuildPhase section */

/* Begin PBXGroup section */
		6E9F58382374E2C700F1D21B = {
			isa = PBXGroup;
			children = (
				6E9F58432374E2C700F1D21B /* RandomUsers-Objective-C */,
				6E9F58422374E2C700F1D21B /* Products */,
			);
			sourceTree = "<group>";
		};
		6E9F58422374E2C700F1D21B /* Products */ = {
			isa = PBXGroup;
			children = (
				6E9F58412374E2C700F1D21B /* RandomUsers-Objective-C.app */,
			);
			name = Products;
			sourceTree = "<group>";
		};
		6E9F58432374E2C700F1D21B /* RandomUsers-Objective-C */ = {
			isa = PBXGroup;
			children = (
				6E9F58612374E31C00F1D21B /* Model */,
				6E9F58602374E31600F1D21B /* Model Controller */,
				6E9F585F2374E30E00F1D21B /* View Controllers */,
				6E9F585D2374E2F100F1D21B /* Storyboards */,
				6E9F585E2374E2FC00F1D21B /* Resources */,
				6E9F58552374E2C900F1D21B /* Info.plist */,
			);
			path = "RandomUsers-Objective-C";
			sourceTree = "<group>";
		};
		6E9F585D2374E2F100F1D21B /* Storyboards */ = {
			isa = PBXGroup;
			children = (
				6E9F584D2374E2C700F1D21B /* Main.storyboard */,
				6E9F58522374E2C900F1D21B /* LaunchScreen.storyboard */,
			);
			path = Storyboards;
			sourceTree = "<group>";
		};
		6E9F585E2374E2FC00F1D21B /* Resources */ = {
			isa = PBXGroup;
			children = (
				6E9F58442374E2C700F1D21B /* AppDelegate.h */,
				6E9F58452374E2C700F1D21B /* AppDelegate.m */,
				6E9F58472374E2C700F1D21B /* SceneDelegate.h */,
				6E9F58482374E2C700F1D21B /* SceneDelegate.m */,
				6E9F58502374E2C900F1D21B /* Assets.xcassets */,
				6E9F58562374E2C900F1D21B /* main.m */,
			);
			path = Resources;
			sourceTree = "<group>";
		};
		6E9F585F2374E30E00F1D21B /* View Controllers */ = {
			isa = PBXGroup;
			children = (
				6E9F58622374F8FA00F1D21B /* MBPeopleTableViewController.h */,
				6E9F58632374F8FA00F1D21B /* MBPeopleTableViewController.m */,
				6E9F58652374F91000F1D21B /* MBPersonDetailViewController.h */,
				6E9F58662374F91100F1D21B /* MBPersonDetailViewController.m */,
			);
			path = "View Controllers";
			sourceTree = "<group>";
		};
		6E9F58602374E31600F1D21B /* Model Controller */ = {
			isa = PBXGroup;
			children = (
			);
			path = "Model Controller";
			sourceTree = "<group>";
		};
		6E9F58612374E31C00F1D21B /* Model */ = {
			isa = PBXGroup;
			children = (
				6E9F58682374FADD00F1D21B /* MBPerson.h */,
				6E9F58692374FADD00F1D21B /* MBPerson.m */,
			);
			path = Model;
			sourceTree = "<group>";
		};
/* End PBXGroup section */

/* Begin PBXNativeTarget section */
		6E9F58402374E2C700F1D21B /* RandomUsers-Objective-C */ = {
			isa = PBXNativeTarget;
			buildConfigurationList = 6E9F585A2374E2C900F1D21B /* Build configuration list for PBXNativeTarget "RandomUsers-Objective-C" */;
			buildPhases = (
				6E9F583D2374E2C700F1D21B /* Sources */,
				6E9F583E2374E2C700F1D21B /* Frameworks */,
				6E9F583F2374E2C700F1D21B /* Resources */,
			);
			buildRules = (
			);
			dependencies = (
			);
			name = "RandomUsers-Objective-C";
			productName = "RandomUsers-Objective-C";
			productReference = 6E9F58412374E2C700F1D21B /* RandomUsers-Objective-C.app */;
			productType = "com.apple.product-type.application";
		};
/* End PBXNativeTarget section */

/* Begin PBXProject section */
		6E9F58392374E2C700F1D21B /* Project object */ = {
			isa = PBXProject;
			attributes = {
				LastUpgradeCheck = 1120;
				ORGANIZATIONNAME = "Mitchell Budge";
				TargetAttributes = {
					6E9F58402374E2C700F1D21B = {
						CreatedOnToolsVersion = 11.2;
					};
				};
			};
			buildConfigurationList = 6E9F583C2374E2C700F1D21B /* Build configuration list for PBXProject "RandomUsers-Objective-C" */;
			compatibilityVersion = "Xcode 9.3";
			developmentRegion = en;
			hasScannedForEncodings = 0;
			knownRegions = (
				en,
				Base,
			);
			mainGroup = 6E9F58382374E2C700F1D21B;
			productRefGroup = 6E9F58422374E2C700F1D21B /* Products */;
			projectDirPath = "";
			projectRoot = "";
			targets = (
				6E9F58402374E2C700F1D21B /* RandomUsers-Objective-C */,
			);
		};
/* End PBXProject section */

/* Begin PBXResourcesBuildPhase section */
		6E9F583F2374E2C700F1D21B /* Resources */ = {
			isa = PBXResourcesBuildPhase;
			buildActionMask = 2147483647;
			files = (
				6E9F58542374E2C900F1D21B /* LaunchScreen.storyboard in Resources */,
				6E9F58512374E2C900F1D21B /* Assets.xcassets in Resources */,
				6E9F584F2374E2C700F1D21B /* Main.storyboard in Resources */,
			);
			runOnlyForDeploymentPostprocessing = 0;
		};
/* End PBXResourcesBuildPhase section */

/* Begin PBXSourcesBuildPhase section */
		6E9F583D2374E2C700F1D21B /* Sources */ = {
			isa = PBXSourcesBuildPhase;
			buildActionMask = 2147483647;
			files = (
				6E9F58462374E2C700F1D21B /* AppDelegate.m in Sources */,
				6E9F586A2374FADD00F1D21B /* MBPerson.m in Sources */,
				6E9F58572374E2C900F1D21B /* main.m in Sources */,
				6E9F58492374E2C700F1D21B /* SceneDelegate.m in Sources */,
				6E9F58642374F8FA00F1D21B /* MBPeopleTableViewController.m in Sources */,
				6E9F58672374F91100F1D21B /* MBPersonDetailViewController.m in Sources */,
			);
			runOnlyForDeploymentPostprocessing = 0;
		};
/* End PBXSourcesBuildPhase section */

/* Begin PBXVariantGroup section */
		6E9F584D2374E2C700F1D21B /* Main.storyboard */ = {
			isa = PBXVariantGroup;
			children = (
				6E9F584E2374E2C700F1D21B /* Base */,
			);
			name = Main.storyboard;
			sourceTree = "<group>";
		};
		6E9F58522374E2C900F1D21B /* LaunchScreen.storyboard */ = {
			isa = PBXVariantGroup;
			children = (
				6E9F58532374E2C900F1D21B /* Base */,
			);
			name = LaunchScreen.storyboard;
			sourceTree = "<group>";
		};
/* End PBXVariantGroup section */

/* Begin XCBuildConfiguration section */
		6E9F58582374E2C900F1D21B /* Debug */ = {
			isa = XCBuildConfiguration;
			buildSettings = {
				ALWAYS_SEARCH_USER_PATHS = NO;
				CLANG_ANALYZER_NONNULL = YES;
				CLANG_ANALYZER_NUMBER_OBJECT_CONVERSION = YES_AGGRESSIVE;
				CLANG_CXX_LANGUAGE_STANDARD = "gnu++14";
				CLANG_CXX_LIBRARY = "libc++";
				CLANG_ENABLE_MODULES = YES;
				CLANG_ENABLE_OBJC_ARC = YES;
				CLANG_ENABLE_OBJC_WEAK = YES;
				CLANG_WARN_BLOCK_CAPTURE_AUTORELEASING = YES;
				CLANG_WARN_BOOL_CONVERSION = YES;
				CLANG_WARN_COMMA = YES;
				CLANG_WARN_CONSTANT_CONVERSION = YES;
				CLANG_WARN_DEPRECATED_OBJC_IMPLEMENTATIONS = YES;
				CLANG_WARN_DIRECT_OBJC_ISA_USAGE = YES_ERROR;
				CLANG_WARN_DOCUMENTATION_COMMENTS = YES;
				CLANG_WARN_EMPTY_BODY = YES;
				CLANG_WARN_ENUM_CONVERSION = YES;
				CLANG_WARN_INFINITE_RECURSION = YES;
				CLANG_WARN_INT_CONVERSION = YES;
				CLANG_WARN_NON_LITERAL_NULL_CONVERSION = YES;
				CLANG_WARN_OBJC_IMPLICIT_RETAIN_SELF = YES;
				CLANG_WARN_OBJC_LITERAL_CONVERSION = YES;
				CLANG_WARN_OBJC_ROOT_CLASS = YES_ERROR;
				CLANG_WARN_RANGE_LOOP_ANALYSIS = YES;
				CLANG_WARN_STRICT_PROTOTYPES = YES;
				CLANG_WARN_SUSPICIOUS_MOVE = YES;
				CLANG_WARN_UNGUARDED_AVAILABILITY = YES_AGGRESSIVE;
				CLANG_WARN_UNREACHABLE_CODE = YES;
				CLANG_WARN__DUPLICATE_METHOD_MATCH = YES;
				COPY_PHASE_STRIP = NO;
				DEBUG_INFORMATION_FORMAT = dwarf;
				ENABLE_STRICT_OBJC_MSGSEND = YES;
				ENABLE_TESTABILITY = YES;
				GCC_C_LANGUAGE_STANDARD = gnu11;
				GCC_DYNAMIC_NO_PIC = NO;
				GCC_NO_COMMON_BLOCKS = YES;
				GCC_OPTIMIZATION_LEVEL = 0;
				GCC_PREPROCESSOR_DEFINITIONS = (
					"DEBUG=1",
					"$(inherited)",
				);
				GCC_WARN_64_TO_32_BIT_CONVERSION = YES;
				GCC_WARN_ABOUT_RETURN_TYPE = YES_ERROR;
				GCC_WARN_UNDECLARED_SELECTOR = YES;
				GCC_WARN_UNINITIALIZED_AUTOS = YES_AGGRESSIVE;
				GCC_WARN_UNUSED_FUNCTION = YES;
				GCC_WARN_UNUSED_VARIABLE = YES;
				IPHONEOS_DEPLOYMENT_TARGET = 13.2;
				MTL_ENABLE_DEBUG_INFO = INCLUDE_SOURCE;
				MTL_FAST_MATH = YES;
				ONLY_ACTIVE_ARCH = YES;
				SDKROOT = iphoneos;
			};
			name = Debug;
		};
		6E9F58592374E2C900F1D21B /* Release */ = {
			isa = XCBuildConfiguration;
			buildSettings = {
				ALWAYS_SEARCH_USER_PATHS = NO;
				CLANG_ANALYZER_NONNULL = YES;
				CLANG_ANALYZER_NUMBER_OBJECT_CONVERSION = YES_AGGRESSIVE;
				CLANG_CXX_LANGUAGE_STANDARD = "gnu++14";
				CLANG_CXX_LIBRARY = "libc++";
				CLANG_ENABLE_MODULES = YES;
				CLANG_ENABLE_OBJC_ARC = YES;
				CLANG_ENABLE_OBJC_WEAK = YES;
				CLANG_WARN_BLOCK_CAPTURE_AUTORELEASING = YES;
				CLANG_WARN_BOOL_CONVERSION = YES;
				CLANG_WARN_COMMA = YES;
				CLANG_WARN_CONSTANT_CONVERSION = YES;
				CLANG_WARN_DEPRECATED_OBJC_IMPLEMENTATIONS = YES;
				CLANG_WARN_DIRECT_OBJC_ISA_USAGE = YES_ERROR;
				CLANG_WARN_DOCUMENTATION_COMMENTS = YES;
				CLANG_WARN_EMPTY_BODY = YES;
				CLANG_WARN_ENUM_CONVERSION = YES;
				CLANG_WARN_INFINITE_RECURSION = YES;
				CLANG_WARN_INT_CONVERSION = YES;
				CLANG_WARN_NON_LITERAL_NULL_CONVERSION = YES;
				CLANG_WARN_OBJC_IMPLICIT_RETAIN_SELF = YES;
				CLANG_WARN_OBJC_LITERAL_CONVERSION = YES;
				CLANG_WARN_OBJC_ROOT_CLASS = YES_ERROR;
				CLANG_WARN_RANGE_LOOP_ANALYSIS = YES;
				CLANG_WARN_STRICT_PROTOTYPES = YES;
				CLANG_WARN_SUSPICIOUS_MOVE = YES;
				CLANG_WARN_UNGUARDED_AVAILABILITY = YES_AGGRESSIVE;
				CLANG_WARN_UNREACHABLE_CODE = YES;
				CLANG_WARN__DUPLICATE_METHOD_MATCH = YES;
				COPY_PHASE_STRIP = NO;
				DEBUG_INFORMATION_FORMAT = "dwarf-with-dsym";
				ENABLE_NS_ASSERTIONS = NO;
				ENABLE_STRICT_OBJC_MSGSEND = YES;
				GCC_C_LANGUAGE_STANDARD = gnu11;
				GCC_NO_COMMON_BLOCKS = YES;
				GCC_WARN_64_TO_32_BIT_CONVERSION = YES;
				GCC_WARN_ABOUT_RETURN_TYPE = YES_ERROR;
				GCC_WARN_UNDECLARED_SELECTOR = YES;
				GCC_WARN_UNINITIALIZED_AUTOS = YES_AGGRESSIVE;
				GCC_WARN_UNUSED_FUNCTION = YES;
				GCC_WARN_UNUSED_VARIABLE = YES;
				IPHONEOS_DEPLOYMENT_TARGET = 13.2;
				MTL_ENABLE_DEBUG_INFO = NO;
				MTL_FAST_MATH = YES;
				SDKROOT = iphoneos;
				VALIDATE_PRODUCT = YES;
			};
			name = Release;
		};
		6E9F585B2374E2C900F1D21B /* Debug */ = {
			isa = XCBuildConfiguration;
			buildSettings = {
				ASSETCATALOG_COMPILER_APPICON_NAME = AppIcon;
				CODE_SIGN_STYLE = Automatic;
				DEVELOPMENT_TEAM = K3F959XXFV;
				INFOPLIST_FILE = "RandomUsers-Objective-C/Info.plist";
				LD_RUNPATH_SEARCH_PATHS = (
					"$(inherited)",
					"@executable_path/Frameworks",
				);
				PRODUCT_BUNDLE_IDENTIFIER = "com.mitchellgbudge.RandomUsers-Objective-C";
				PRODUCT_NAME = "$(TARGET_NAME)";
				TARGETED_DEVICE_FAMILY = "1,2";
			};
			name = Debug;
		};
		6E9F585C2374E2C900F1D21B /* Release */ = {
			isa = XCBuildConfiguration;
			buildSettings = {
				ASSETCATALOG_COMPILER_APPICON_NAME = AppIcon;
				CODE_SIGN_STYLE = Automatic;
				DEVELOPMENT_TEAM = K3F959XXFV;
				INFOPLIST_FILE = "RandomUsers-Objective-C/Info.plist";
				LD_RUNPATH_SEARCH_PATHS = (
					"$(inherited)",
					"@executable_path/Frameworks",
				);
				PRODUCT_BUNDLE_IDENTIFIER = "com.mitchellgbudge.RandomUsers-Objective-C";
				PRODUCT_NAME = "$(TARGET_NAME)";
				TARGETED_DEVICE_FAMILY = "1,2";
			};
			name = Release;
		};
/* End XCBuildConfiguration section */

/* Begin XCConfigurationList section */
		6E9F583C2374E2C700F1D21B /* Build configuration list for PBXProject "RandomUsers-Objective-C" */ = {
			isa = XCConfigurationList;
			buildConfigurations = (
				6E9F58582374E2C900F1D21B /* Debug */,
				6E9F58592374E2C900F1D21B /* Release */,
			);
			defaultConfigurationIsVisible = 0;
			defaultConfigurationName = Release;
		};
		6E9F585A2374E2C900F1D21B /* Build configuration list for PBXNativeTarget "RandomUsers-Objective-C" */ = {
			isa = XCConfigurationList;
			buildConfigurations = (
				6E9F585B2374E2C900F1D21B /* Debug */,
				6E9F585C2374E2C900F1D21B /* Release */,
			);
			defaultConfigurationIsVisible = 0;
			defaultConfigurationName = Release;
		};
/* End XCConfigurationList section */
	};
	rootObject = 6E9F58392374E2C700F1D21B /* Project object */;
}
